
Microsoft Visual Studio Solution File, Format Version 12.00
# Visual Studio 15
VisualStudioVersion = 15.0.27004.2002
MinimumVisualStudioVersion = 10.0.40219.1
Project("{8BC9CEB8-8B4A-11D0-8D11-00A0C91BC942}") = "Project1", "Project1\Project1.vcxproj", "{AA275285-5ADB-4051-8B4E-6017DC07EC31}"
EndProject
Global
	GlobalSection(SolutionConfigurationPlatforms) = preSolution
		Debug|x64 = Debug|x64
		Debug|x86 = Debug|x86
		Release|x64 = Release|x64
		Release|x86 = Release|x86
	EndGlobalSection
	GlobalSection(ProjectConfigurationPlatforms) = postSolution
		{AA275285-5ADB-4051-8B4E-6017DC07EC31}.Debug|x64.ActiveCfg = Debug|x64
		{AA275285-5ADB-4051-8B4E-6017DC07EC31}.Debug|x64.Build.0 = Debug|x64
		{AA275285-5ADB-4051-8B4E-6017DC07EC31}.Debug|x86.ActiveCfg = Debug|Win32
		{AA275285-5ADB-4051-8B4E-6017DC07EC31}.Debug|x86.Build.0 = Debug|Win32
		{AA275285-5ADB-4051-8B4E-6017DC07EC31}.Release|x64.ActiveCfg = Release|x64
		{AA275285-5ADB-4051-8B4E-6017DC07EC31}.Release|x64.Build.0 = Release|x64
		{AA275285-5ADB-4051-8B4E-6017DC07EC31}.Release|x86.ActiveCfg = Release|Win32
		{AA275285-5ADB-4051-8B4E-6017DC07EC31}.Release|x86.Build.0 = Release|Win32
	EndGlobalSection
	GlobalSection(SolutionProperties) = preSolution
		HideSolutionNode = FALSE
	EndGlobalSection
	GlobalSection(ExtensibilityGlobals) = postSolution
		SolutionGuid = {D4555D1B-8B37-4D75-B204-B67A66CF1959}
	EndGlobalSection
EndGlobal
